// !$*UTF8*$!
{
	archiveVersion = 1;
	classes = {
	};
	objectVersion = 46;
	objects = {

/* Begin PBXBuildFile section */
		C919A4351C26BBF10053073B /* PyVariant.h in Headers */ = {isa = PBXBuildFile; fileRef = C919A4341C26BBF10053073B /* PyVariant.h */; };
		C919A43E1C26BC5D0053073B /* PyVariant.cpp in Sources */ = {isa = PBXBuildFile; fileRef = C919A43D1C26BC5D0053073B /* PyVariant.cpp */; };
		C919A4401C26C0BD0053073B /* Python in Frameworks */ = {isa = PBXBuildFile; fileRef = C919A43F1C26C0BD0053073B /* Python */; };
		C919A4421C26C5240053073B /* libboost_python.dylib in Frameworks */ = {isa = PBXBuildFile; fileRef = C919A4411C26C5240053073B /* libboost_python.dylib */; };
/* End PBXBuildFile section */

/* Begin PBXFileReference section */
		C919A4311C26BBF10053073B /* PyVariant.so */ = {isa = PBXFileReference; explicitFileType = "compiled.mach-o.dylib"; includeInIndex = 0; path = PyVariant.so; sourceTree = BUILT_PRODUCTS_DIR; };
		C919A4341C26BBF10053073B /* PyVariant.h */ = {isa = PBXFileReference; lastKnownFileType = sourcecode.c.h; path = PyVariant.h; sourceTree = "<group>"; };
		C919A43D1C26BC5D0053073B /* PyVariant.cpp */ = {isa = PBXFileReference; fileEncoding = 4; lastKnownFileType = sourcecode.cpp.cpp; path = PyVariant.cpp; sourceTree = "<group>"; };
		C919A43F1C26C0BD0053073B /* Python */ = {isa = PBXFileReference; lastKnownFileType = "compiled.mach-o.dylib"; name = Python; path = ../../../../../Library/Frameworks/Python.framework/Versions/2.7/Python; sourceTree = "<group>"; };
		C919A4411C26C5240053073B /* libboost_python.dylib */ = {isa = PBXFileReference; lastKnownFileType = "compiled.mach-o.dylib"; name = libboost_python.dylib; path = ../../../../../usr/local/lib/libboost_python.dylib; sourceTree = "<group>"; };
/* End PBXFileReference section */

/* Begin PBXFrameworksBuildPhase section */
		C919A42E1C26BBF10053073B /* Frameworks */ = {
			isa = PBXFrameworksBuildPhase;
			buildActionMask = 2147483647;
			files = (
				C919A4421C26C5240053073B /* libboost_python.dylib in Frameworks */,
				C919A4401C26C0BD0053073B /* Python in Frameworks */,
			);
			runOnlyForDeploymentPostprocessing = 0;
		};
/* End PBXFrameworksBuildPhase section */

/* Begin PBXGroup section */
		C919A4281C26BBF10053073B = {
			isa = PBXGroup;
			children = (
				C919A4411C26C5240053073B /* libboost_python.dylib */,
				C919A43F1C26C0BD0053073B /* Python */,
				C919A4331C26BBF10053073B /* PyVariant */,
				C919A4321C26BBF10053073B /* Products */,
			);
			sourceTree = "<group>";
		};
		C919A4321C26BBF10053073B /* Products */ = {
			isa = PBXGroup;
			children = (
				C919A4311C26BBF10053073B /* PyVariant.so */,
			);
			name = Products;
			sourceTree = "<group>";
		};
		C919A4331C26BBF10053073B /* PyVariant */ = {
			isa = PBXGroup;
			children = (
				C919A4341C26BBF10053073B /* PyVariant.h */,
				C919A43D1C26BC5D0053073B /* PyVariant.cpp */,
			);
			path = PyVariant;
			sourceTree = "<group>";
		};
/* End PBXGroup section */

/* Begin PBXHeadersBuildPhase section */
		C919A42F1C26BBF10053073B /* Headers */ = {
			isa = PBXHeadersBuildPhase;
			buildActionMask = 2147483647;
			files = (
				C919A4351C26BBF10053073B /* PyVariant.h in Headers */,
			);
			runOnlyForDeploymentPostprocessing = 0;
		};
/* End PBXHeadersBuildPhase section */

/* Begin PBXNativeTarget section */
		C919A4301C26BBF10053073B /* PyVariant */ = {
			isa = PBXNativeTarget;
			buildConfigurationList = C919A43A1C26BBF10053073B /* Build configuration list for PBXNativeTarget "PyVariant" */;
			buildPhases = (
				C919A42D1C26BBF10053073B /* Sources */,
				C919A42E1C26BBF10053073B /* Frameworks */,
				C919A42F1C26BBF10053073B /* Headers */,
			);
			buildRules = (
			);
			dependencies = (
			);
			name = PyVariant;
			productName = PyVariant;
			productReference = C919A4311C26BBF10053073B /* PyVariant.so */;
			productType = "com.apple.product-type.library.dynamic";
		};
/* End PBXNativeTarget section */

/* Begin PBXProject section */
		C919A4291C26BBF10053073B /* Project object */ = {
			isa = PBXProject;
			attributes = {
				LastUpgradeCheck = 0720;
				ORGANIZATIONNAME = Matt;
				TargetAttributes = {
					C919A4301C26BBF10053073B = {
						CreatedOnToolsVersion = 7.2;
					};
				};
			};
			buildConfigurationList = C919A42C1C26BBF10053073B /* Build configuration list for PBXProject "PyVariant" */;
			compatibilityVersion = "Xcode 3.2";
			developmentRegion = English;
			hasScannedForEncodings = 0;
			knownRegions = (
				en,
			);
			mainGroup = C919A4281C26BBF10053073B;
			productRefGroup = C919A4321C26BBF10053073B /* Products */;
			projectDirPath = "";
			projectRoot = "";
			targets = (
				C919A4301C26BBF10053073B /* PyVariant */,
			);
		};
/* End PBXProject section */

/* Begin PBXSourcesBuildPhase section */
		C919A42D1C26BBF10053073B /* Sources */ = {
			isa = PBXSourcesBuildPhase;
			buildActionMask = 2147483647;
			files = (
				C919A43E1C26BC5D0053073B /* PyVariant.cpp in Sources */,
			);
			runOnlyForDeploymentPostprocessing = 0;
		};
/* End PBXSourcesBuildPhase section */

/* Begin XCBuildConfiguration section */
		C919A4381C26BBF10053073B /* Debug */ = {
			isa = XCBuildConfiguration;
			buildSettings = {
				ALWAYS_SEARCH_USER_PATHS = NO;
				CLANG_CXX_LANGUAGE_STANDARD = "gnu++0x";
				CLANG_CXX_LIBRARY = "libc++";
				CLANG_ENABLE_MODULES = YES;
				CLANG_ENABLE_OBJC_ARC = YES;
				CLANG_WARN_BOOL_CONVERSION = YES;
				CLANG_WARN_CONSTANT_CONVERSION = YES;
				CLANG_WARN_DIRECT_OBJC_ISA_USAGE = YES_ERROR;
				CLANG_WARN_EMPTY_BODY = YES;
				CLANG_WARN_ENUM_CONVERSION = YES;
				CLANG_WARN_INT_CONVERSION = YES;
				CLANG_WARN_OBJC_ROOT_CLASS = YES_ERROR;
				CLANG_WARN_UNREACHABLE_CODE = YES;
				CLANG_WARN__DUPLICATE_METHOD_MATCH = YES;
				CODE_SIGN_IDENTITY = "-";
				COPY_PHASE_STRIP = NO;
				DEBUG_INFORMATION_FORMAT = dwarf;
				ENABLE_STRICT_OBJC_MSGSEND = YES;
				ENABLE_TESTABILITY = YES;
				GCC_C_LANGUAGE_STANDARD = gnu99;
				GCC_DYNAMIC_NO_PIC = NO;
				GCC_NO_COMMON_BLOCKS = YES;
				GCC_OPTIMIZATION_LEVEL = 0;
				GCC_PREPROCESSOR_DEFINITIONS = (
					"DEBUG=1",
					"$(inherited)",
				);
				GCC_WARN_64_TO_32_BIT_CONVERSION = YES;
				GCC_WARN_ABOUT_RETURN_TYPE = YES_ERROR;
				GCC_WARN_UNDECLARED_SELECTOR = YES;
				GCC_WARN_UNINITIALIZED_AUTOS = YES_AGGRESSIVE;
				GCC_WARN_UNUSED_FUNCTION = YES;
				GCC_WARN_UNUSED_VARIABLE = YES;
				MACOSX_DEPLOYMENT_TARGET = 10.11;
				MTL_ENABLE_DEBUG_INFO = YES;
				ONLY_ACTIVE_ARCH = YES;
				SDKROOT = macosx;
			};
			name = Debug;
		};
		C919A4391C26BBF10053073B /* Release */ = {
			isa = XCBuildConfiguration;
			buildSettings = {
				ALWAYS_SEARCH_USER_PATHS = NO;
				CLANG_CXX_LANGUAGE_STANDARD = "gnu++0x";
				CLANG_CXX_LIBRARY = "libc++";
				CLANG_ENABLE_MODULES = YES;
				CLANG_ENABLE_OBJC_ARC = YES;
				CLANG_WARN_BOOL_CONVERSION = YES;
				CLANG_WARN_CONSTANT_CONVERSION = YES;
				CLANG_WARN_DIRECT_OBJC_ISA_USAGE = YES_ERROR;
				CLANG_WARN_EMPTY_BODY = YES;
				CLANG_WARN_ENUM_CONVERSION = YES;
				CLANG_WARN_INT_CONVERSION = YES;
				CLANG_WARN_OBJC_ROOT_CLASS = YES_ERROR;
				CLANG_WARN_UNREACHABLE_CODE = YES;
				CLANG_WARN__DUPLICATE_METHOD_MATCH = YES;
				CODE_SIGN_IDENTITY = "-";
				COPY_PHASE_STRIP = NO;
				DEBUG_INFORMATION_FORMAT = "dwarf-with-dsym";
				ENABLE_NS_ASSERTIONS = NO;
				ENABLE_STRICT_OBJC_MSGSEND = YES;
				GCC_C_LANGUAGE_STANDARD = gnu99;
				GCC_NO_COMMON_BLOCKS = YES;
				GCC_WARN_64_TO_32_BIT_CONVERSION = YES;
				GCC_WARN_ABOUT_RETURN_TYPE = YES_ERROR;
				GCC_WARN_UNDECLARED_SELECTOR = YES;
				GCC_WARN_UNINITIALIZED_AUTOS = YES_AGGRESSIVE;
				GCC_WARN_UNUSED_FUNCTION = YES;
				GCC_WARN_UNUSED_VARIABLE = YES;
				MACOSX_DEPLOYMENT_TARGET = 10.11;
				MTL_ENABLE_DEBUG_INFO = NO;
				SDKROOT = macosx;
			};
			name = Release;
		};
		C919A43B1C26BBF10053073B /* Debug */ = {
			isa = XCBuildConfiguration;
			buildSettings = {
				ALWAYS_SEARCH_USER_PATHS = YES;
				DEPLOYMENT_LOCATION = NO;
				DEPLOYMENT_POSTPROCESSING = NO;
				DSTROOT = "/Users/matt/Code/C++";
				DYLIB_COMPATIBILITY_VERSION = 1;
				DYLIB_CURRENT_VERSION = 1;
				EXECUTABLE_EXTENSION = so;
				EXECUTABLE_PREFIX = "";
				HEADER_SEARCH_PATHS = (
					/usr/local/include,
					/Library/Frameworks/Python.framework/Versions/Current/include/python2.7,
				);
				INSTALL_PATH = "";
				LIBRARY_SEARCH_PATHS = (
					/usr/local/lib,
					/Library/Frameworks/Python.framework/Versions/Current/lib/,
					"$(LOCAL_LIBRARY_DIR)/Frameworks/Python.framework/Versions/2.7",
				);
				MACH_O_TYPE = mh_dylib;
				PRODUCT_NAME = "$(TARGET_NAME)";
			};
			name = Debug;
		};
		C919A43C1C26BBF10053073B /* Release */ = {
			isa = XCBuildConfiguration;
			buildSettings = {
				ALWAYS_SEARCH_USER_PATHS = YES;
				DEPLOYMENT_LOCATION = NO;
				DEPLOYMENT_POSTPROCESSING = NO;
				DSTROOT = "/Users/matt/Code/C++";
				DYLIB_COMPATIBILITY_VERSION = 1;
				DYLIB_CURRENT_VERSION = 1;
				EXECUTABLE_EXTENSION = so;
				EXECUTABLE_PREFIX = "";
				HEADER_SEARCH_PATHS = (
					/usr/local/include,
					/Library/Frameworks/Python.framework/Versions/Current/include/python2.7,
				);
				INSTALL_PATH = "";
				LIBRARY_SEARCH_PATHS = (
					/usr/local/lib,
					/Library/Frameworks/Python.framework/Versions/Current/lib/,
					"$(LOCAL_LIBRARY_DIR)/Frameworks/Python.framework/Versions/2.7",
				);
				MACH_O_TYPE = mh_dylib;
				PRODUCT_NAME = "$(TARGET_NAME)";
			};
			name = Release;
		};
/* End XCBuildConfiguration section */

/* Begin XCConfigurationList section */
		C919A42C1C26BBF10053073B /* Build configuration list for PBXProject "PyVariant" */ = {
			isa = XCConfigurationList;
			buildConfigurations = (
				C919A4381C26BBF10053073B /* Debug */,
				C919A4391C26BBF10053073B /* Release */,
			);
			defaultConfigurationIsVisible = 0;
			defaultConfigurationName = Release;
		};
		C919A43A1C26BBF10053073B /* Build configuration list for PBXNativeTarget "PyVariant" */ = {
			isa = XCConfigurationList;
			buildConfigurations = (
				C919A43B1C26BBF10053073B /* Debug */,
				C919A43C1C26BBF10053073B /* Release */,
			);
			defaultConfigurationIsVisible = 0;
		};
/* End XCConfigurationList section */
	};
	rootObject = C919A4291C26BBF10053073B /* Project object */;
}
